{
  "version": 4,
  "terraform_version": "1.10.5",
  "serial": 76,
  "lineage": "134a377b-3987-807f-c803-d20051a1ea0a",
  "outputs": {},
  "resources": [
    {
      "mode": "managed",
      "type": "aws_instance",
      "name": "mavmeuh",
      "provider": "provider[\"registry.terraform.io/hashicorp/aws\"]",
      "instances": [
        {
          "index_key": "subnet-0259333aec231062d",
          "schema_version": 1,
          "attributes": {
            "ami": "ami-0a7a4e87939439934",
            "arn": "arn:aws:ec2:us-east-1:156885215539:instance/i-013edc960654c55bb",
            "associate_public_ip_address": true,
            "availability_zone": "us-east-1a",
            "capacity_reservation_specification": [
              {
                "capacity_reservation_preference": "open",
                "capacity_reservation_target": []
              }
            ],
            "cpu_core_count": 2,
            "cpu_options": [
              {
                "amd_sev_snp": "",
                "core_count": 2,
                "threads_per_core": 1
              }
            ],
            "cpu_threads_per_core": 1,
            "credit_specification": [
              {
                "cpu_credits": "unlimited"
              }
            ],
            "disable_api_stop": false,
            "disable_api_termination": false,
            "ebs_block_device": [],
            "ebs_optimized": false,
            "enable_primary_ipv6": null,
            "enclave_options": [
              {
                "enabled": false
              }
            ],
            "ephemeral_block_device": [],
            "get_password_data": false,
            "hibernation": false,
            "host_id": "",
            "host_resource_group_arn": null,
            "iam_instance_profile": "",
            "id": "i-013edc960654c55bb",
            "instance_initiated_shutdown_behavior": "stop",
            "instance_lifecycle": "",
            "instance_market_options": [],
            "instance_state": "running",
            "instance_type": "t4g.nano",
            "ipv6_address_count": 0,
            "ipv6_addresses": [],
            "key_name": "vockey",
            "launch_template": [],
            "maintenance_options": [
              {
                "auto_recovery": "default"
              }
            ],
            "metadata_options": [
              {
                "http_endpoint": "enabled",
                "http_protocol_ipv6": "disabled",
                "http_put_response_hop_limit": 2,
                "http_tokens": "required",
                "instance_metadata_tags": "disabled"
              }
            ],
            "monitoring": false,
            "network_interface": [],
            "outpost_arn": "",
            "password_data": "",
            "placement_group": "",
            "placement_partition_number": 0,
            "primary_network_interface_id": "eni-075fcf5d99886ee58",
            "private_dns": "ip-172-31-43-254.ec2.internal",
            "private_dns_name_options": [
              {
                "enable_resource_name_dns_a_record": false,
                "enable_resource_name_dns_aaaa_record": false,
                "hostname_type": "ip-name"
              }
            ],
            "private_ip": "172.31.43.254",
            "public_dns": "ec2-3-81-219-155.compute-1.amazonaws.com",
            "public_ip": "3.81.219.155",
            "root_block_device": [
              {
                "delete_on_termination": true,
                "device_name": "/dev/sda1",
                "encrypted": false,
                "iops": 3000,
                "kms_key_id": "",
                "tags": {},
                "tags_all": {},
                "throughput": 125,
                "volume_id": "vol-0cd6716eaaa0749d2",
                "volume_size": 8,
                "volume_type": "gp3"
              }
            ],
            "secondary_private_ips": [],
            "security_groups": [
              "mod_admin_ssh"
            ],
            "source_dest_check": true,
            "spot_instance_request_id": "",
            "subnet_id": "subnet-0259333aec231062d",
            "tags": {
              "Name": "mavmeuh"
            },
            "tags_all": {
              "Name": "mavmeuh"
            },
            "tenancy": "default",
            "timeouts": null,
            "user_data": null,
            "user_data_base64": null,
            "user_data_replace_on_change": false,
            "volume_tags": null,
            "vpc_security_group_ids": [
              "sg-0ba10974e4d6e2757"
            ]
          },
          "sensitive_attributes": [],
          "private": "eyJlMmJmYjczMC1lY2FhLTExZTYtOGY4OC0zNDM2M2JjN2M0YzAiOnsiY3JlYXRlIjo2MDAwMDAwMDAwMDAsImRlbGV0ZSI6MTIwMDAwMDAwMDAwMCwicmVhZCI6OTAwMDAwMDAwMDAwLCJ1cGRhdGUiOjYwMDAwMDAwMDAwMH0sInNjaGVtYV92ZXJzaW9uIjoiMSJ9",
          "dependencies": [
            "module.admin_ssh_sg.aws_security_group.admin_ssh"
          ]
        },
        {
          "index_key": "subnet-05ddb429c8a79cac1",
          "schema_version": 1,
          "attributes": {
            "ami": "ami-0a7a4e87939439934",
            "arn": "arn:aws:ec2:us-east-1:156885215539:instance/i-04dfd36370edd3b32",
            "associate_public_ip_address": true,
            "availability_zone": "us-east-1c",
            "capacity_reservation_specification": [
              {
                "capacity_reservation_preference": "open",
                "capacity_reservation_target": []
              }
            ],
            "cpu_core_count": 2,
            "cpu_options": [
              {
                "amd_sev_snp": "",
                "core_count": 2,
                "threads_per_core": 1
              }
            ],
            "cpu_threads_per_core": 1,
            "credit_specification": [
              {
                "cpu_credits": "unlimited"
              }
            ],
            "disable_api_stop": false,
            "disable_api_termination": false,
            "ebs_block_device": [],
            "ebs_optimized": false,
            "enable_primary_ipv6": null,
            "enclave_options": [
              {
                "enabled": false
              }
            ],
            "ephemeral_block_device": [],
            "get_password_data": false,
            "hibernation": false,
            "host_id": "",
            "host_resource_group_arn": null,
            "iam_instance_profile": "",
            "id": "i-04dfd36370edd3b32",
            "instance_initiated_shutdown_behavior": "stop",
            "instance_lifecycle": "",
            "instance_market_options": [],
            "instance_state": "running",
            "instance_type": "t4g.nano",
            "ipv6_address_count": 0,
            "ipv6_addresses": [],
            "key_name": "vockey",
            "launch_template": [],
            "maintenance_options": [
              {
                "auto_recovery": "default"
              }
            ],
            "metadata_options": [
              {
                "http_endpoint": "enabled",
                "http_protocol_ipv6": "disabled",
                "http_put_response_hop_limit": 2,
                "http_tokens": "required",
                "instance_metadata_tags": "disabled"
              }
            ],
            "monitoring": false,
            "network_interface": [],
            "outpost_arn": "",
            "password_data": "",
            "placement_group": "",
            "placement_partition_number": 0,
            "primary_network_interface_id": "eni-0c0c516a69f8b5d1d",
            "private_dns": "ip-172-31-86-247.ec2.internal",
            "private_dns_name_options": [
              {
                "enable_resource_name_dns_a_record": false,
                "enable_resource_name_dns_aaaa_record": false,
                "hostname_type": "ip-name"
              }
            ],
            "private_ip": "172.31.86.247",
            "public_dns": "ec2-18-212-40-131.compute-1.amazonaws.com",
            "public_ip": "18.212.40.131",
            "root_block_device": [
              {
                "delete_on_termination": true,
                "device_name": "/dev/sda1",
                "encrypted": false,
                "iops": 3000,
                "kms_key_id": "",
                "tags": {},
                "tags_all": {},
                "throughput": 125,
                "volume_id": "vol-004eec2294181c114",
                "volume_size": 8,
                "volume_type": "gp3"
              }
            ],
            "secondary_private_ips": [],
            "security_groups": [
              "mod_admin_ssh"
            ],
            "source_dest_check": true,
            "spot_instance_request_id": "",
            "subnet_id": "subnet-05ddb429c8a79cac1",
            "tags": {
              "Name": "mavmeuh"
            },
            "tags_all": {
              "Name": "mavmeuh"
            },
            "tenancy": "default",
            "timeouts": null,
            "user_data": null,
            "user_data_base64": null,
            "user_data_replace_on_change": false,
            "volume_tags": null,
            "vpc_security_group_ids": [
              "sg-0ba10974e4d6e2757"
            ]
          },
          "sensitive_attributes": [],
          "private": "eyJlMmJmYjczMC1lY2FhLTExZTYtOGY4OC0zNDM2M2JjN2M0YzAiOnsiY3JlYXRlIjo2MDAwMDAwMDAwMDAsImRlbGV0ZSI6MTIwMDAwMDAwMDAwMCwicmVhZCI6OTAwMDAwMDAwMDAwLCJ1cGRhdGUiOjYwMDAwMDAwMDAwMH0sInNjaGVtYV92ZXJzaW9uIjoiMSJ9",
          "dependencies": [
            "module.admin_ssh_sg.aws_security_group.admin_ssh"
          ]
        }
      ]
    },
    {
      "module": "module.admin_ssh_sg",
      "mode": "managed",
      "type": "aws_security_group",
      "name": "admin_ssh",
      "provider": "module.admin_ssh_sg.provider[\"registry.terraform.io/hashicorp/aws\"]",
      "instances": [
        {
          "schema_version": 1,
          "attributes": {
            "arn": "arn:aws:ec2:us-east-1:156885215539:security-group/sg-0ba10974e4d6e2757",
            "description": "Allow SSH from admins",
            "egress": [],
            "id": "sg-0ba10974e4d6e2757",
            "ingress": [],
            "name": "mod_admin_ssh",
            "name_prefix": "",
            "owner_id": "156885215539",
            "revoke_rules_on_delete": false,
            "tags": {
              "Name": "mod_admin_ssh"
            },
            "tags_all": {
              "Name": "mod_admin_ssh"
            },
            "timeouts": null,
            "vpc_id": "vpc-022f458c280ac21a5"
          },
          "sensitive_attributes": [],
          "private": "eyJlMmJmYjczMC1lY2FhLTExZTYtOGY4OC0zNDM2M2JjN2M0YzAiOnsiY3JlYXRlIjo2MDAwMDAwMDAwMDAsImRlbGV0ZSI6OTAwMDAwMDAwMDAwfSwic2NoZW1hX3ZlcnNpb24iOiIxIn0="
        }
      ]
    },
    {
      "module": "module.admin_ssh_sg",
      "mode": "managed",
      "type": "aws_vpc_security_group_egress_rule",
      "name": "all-out",
      "provider": "module.admin_ssh_sg.provider[\"registry.terraform.io/hashicorp/aws\"]",
      "instances": [
        {
          "schema_version": 0,
          "attributes": {
            "arn": "arn:aws:ec2:us-east-1:156885215539:security-group-rule/sgr-06d907c7cdf9b9da8",
            "cidr_ipv4": "0.0.0.0/0",
            "cidr_ipv6": null,
            "description": null,
            "from_port": null,
            "id": "sgr-06d907c7cdf9b9da8",
            "ip_protocol": "-1",
            "prefix_list_id": null,
            "referenced_security_group_id": null,
            "security_group_id": "sg-0ba10974e4d6e2757",
            "security_group_rule_id": "sgr-06d907c7cdf9b9da8",
            "tags": null,
            "tags_all": {},
            "to_port": null
          },
          "sensitive_attributes": [],
          "dependencies": [
            "module.admin_ssh_sg.aws_security_group.admin_ssh"
          ]
        }
      ]
    },
    {
      "module": "module.admin_ssh_sg",
      "mode": "managed",
      "type": "aws_vpc_security_group_ingress_rule",
      "name": "ssh-in",
      "provider": "module.admin_ssh_sg.provider[\"registry.terraform.io/hashicorp/aws\"]",
      "instances": [
        {
          "schema_version": 0,
          "attributes": {
            "arn": "arn:aws:ec2:us-east-1:156885215539:security-group-rule/sgr-0f6879ed028d3c1c0",
            "cidr_ipv4": "92.151.128.188/32",
            "cidr_ipv6": null,
            "description": null,
            "from_port": 22,
            "id": "sgr-0f6879ed028d3c1c0",
            "ip_protocol": "tcp",
            "prefix_list_id": null,
            "referenced_security_group_id": null,
            "security_group_id": "sg-0ba10974e4d6e2757",
            "security_group_rule_id": "sgr-0f6879ed028d3c1c0",
            "tags": null,
            "tags_all": {},
            "to_port": 22
          },
          "sensitive_attributes": [],
          "dependencies": [
            "module.admin_ssh_sg.aws_security_group.admin_ssh"
          ]
        }
      ]
    },
    {
      "module": "module.admin_ssh_sg",
      "mode": "managed",
      "type": "aws_vpc_security_group_ingress_rule",
      "name": "ssh-ins",
      "provider": "module.admin_ssh_sg.provider[\"registry.terraform.io/hashicorp/aws\"]",
      "instances": [
        {
          "index_key": "1.1.1.1",
          "schema_version": 0,
          "attributes": {
            "arn": "arn:aws:ec2:us-east-1:156885215539:security-group-rule/sgr-02eab08768e53831a",
            "cidr_ipv4": "1.1.1.1/32",
            "cidr_ipv6": null,
            "description": null,
            "from_port": 22,
            "id": "sgr-02eab08768e53831a",
            "ip_protocol": "tcp",
            "prefix_list_id": null,
            "referenced_security_group_id": null,
            "security_group_id": "sg-0ba10974e4d6e2757",
            "security_group_rule_id": "sgr-02eab08768e53831a",
            "tags": null,
            "tags_all": {},
            "to_port": 22
          },
          "sensitive_attributes": [],
          "dependencies": [
            "module.admin_ssh_sg.aws_security_group.admin_ssh"
          ]
        },
        {
          "index_key": "8.8.8.8",
          "schema_version": 0,
          "attributes": {
            "arn": "arn:aws:ec2:us-east-1:156885215539:security-group-rule/sgr-0f3afc0b0c89f285b",
            "cidr_ipv4": "8.8.8.8/32",
            "cidr_ipv6": null,
            "description": null,
            "from_port": 22,
            "id": "sgr-0f3afc0b0c89f285b",
            "ip_protocol": "tcp",
            "prefix_list_id": null,
            "referenced_security_group_id": null,
            "security_group_id": "sg-0ba10974e4d6e2757",
            "security_group_rule_id": "sgr-0f3afc0b0c89f285b",
            "tags": null,
            "tags_all": {},
            "to_port": 22
          },
          "sensitive_attributes": [],
          "dependencies": [
            "module.admin_ssh_sg.aws_security_group.admin_ssh"
          ]
        }
      ]
    }
  ],
  "check_results": null
}
